
Microsoft Visual Studio Solution File, Format Version 12.00
# Visual Studio Version 16
VisualStudioVersion = 16.0.29519.181
MinimumVisualStudioVersion = 10.0.40219.1
Project("{FAE04EC0-301F-11D3-BF4B-00C04F79EFBC}") = "TestHelloWord", "TestHelloWord\TestHelloWord.csproj", "{092034F5-FF66-4A78-A16C-E2A29F6C1C37}"
EndProject
Global
	GlobalSection(SolutionConfigurationPlatforms) = preSolution
		Debug|Any CPU = Debug|Any CPU
		Release|Any CPU = Release|Any CPU
	EndGlobalSection
	GlobalSection(ProjectConfigurationPlatforms) = postSolution
		{092034F5-FF66-4A78-A16C-E2A29F6C1C37}.Debug|Any CPU.ActiveCfg = Debug|Any CPU
		{092034F5-FF66-4A78-A16C-E2A29F6C1C37}.Debug|Any CPU.Build.0 = Debug|Any CPU
		{092034F5-FF66-4A78-A16C-E2A29F6C1C37}.Release|Any CPU.ActiveCfg = Release|Any CPU
		{092034F5-FF66-4A78-A16C-E2A29F6C1C37}.Release|Any CPU.Build.0 = Release|Any CPU
	EndGlobalSection
	GlobalSection(SolutionProperties) = preSolution
		HideSolutionNode = FALSE
	EndGlobalSection
	GlobalSection(ExtensibilityGlobals) = postSolution
		SolutionGuid = {0FC4040B-132B-4E01-9E01-9A9273F14AFD}
	EndGlobalSection
EndGlobal
